
Microsoft Visual Studio Solution File, Format Version 12.00
# Visual Studio Version 16
VisualStudioVersion = 16.0.31019.35
MinimumVisualStudioVersion = 10.0.40219.1
Project("{9A19103F-16F7-4668-BE54-9A1E7A4F7556}") = "one", "one\one.csproj", "{3620B10B-A041-4917-B9E7-EB566BA5758E}"
EndProject
Project("{FAE04EC0-301F-11D3-BF4B-00C04F79EFBC}") = "oneTests", "oneTests\oneTests.csproj", "{512AA7D5-F905-45C6-A4B9-403504DA6AE9}"
EndProject
Global
	GlobalSection(SolutionConfigurationPlatforms) = preSolution
		Debug|Any CPU = Debug|Any CPU
		Release|Any CPU = Release|Any CPU
	EndGlobalSection
	GlobalSection(ProjectConfigurationPlatforms) = postSolution
		{3620B10B-A041-4917-B9E7-EB566BA5758E}.Debug|Any CPU.ActiveCfg = Debug|Any CPU
		{3620B10B-A041-4917-B9E7-EB566BA5758E}.Debug|Any CPU.Build.0 = Debug|Any CPU
		{3620B10B-A041-4917-B9E7-EB566BA5758E}.Release|Any CPU.ActiveCfg = Release|Any CPU
		{3620B10B-A041-4917-B9E7-EB566BA5758E}.Release|Any CPU.Build.0 = Release|Any CPU
		{512AA7D5-F905-45C6-A4B9-403504DA6AE9}.Debug|Any CPU.ActiveCfg = Debug|Any CPU
		{512AA7D5-F905-45C6-A4B9-403504DA6AE9}.Debug|Any CPU.Build.0 = Debug|Any CPU
		{512AA7D5-F905-45C6-A4B9-403504DA6AE9}.Release|Any CPU.ActiveCfg = Release|Any CPU
		{512AA7D5-F905-45C6-A4B9-403504DA6AE9}.Release|Any CPU.Build.0 = Release|Any CPU
	EndGlobalSection
	GlobalSection(SolutionProperties) = preSolution
		HideSolutionNode = FALSE
	EndGlobalSection
	GlobalSection(ExtensibilityGlobals) = postSolution
		SolutionGuid = {8EBC179C-1CCB-40AA-B8EC-C45D38DF5941}
	EndGlobalSection
EndGlobal
